
Microsoft Visual Studio Solution File, Format Version 12.00
# Visual Studio Version 17
VisualStudioVersion = 17.14.36414.22 d17.14
MinimumVisualStudioVersion = 10.0.40219.1
Project("{FAE04EC0-301F-11D3-BF4B-00C04F79EFBC}") = "DesafioPratico", "DesafioPratico.csproj", "{3765A292-4230-4D57-AB3B-8DE452D23065}"
EndProject
Global
	GlobalSection(SolutionConfigurationPlatforms) = preSolution
		Debug|Any CPU = Debug|Any CPU
		Release|Any CPU = Release|Any CPU
	EndGlobalSection
	GlobalSection(ProjectConfigurationPlatforms) = postSolution
		{3765A292-4230-4D57-AB3B-8DE452D23065}.Debug|Any CPU.ActiveCfg = Debug|Any CPU
		{3765A292-4230-4D57-AB3B-8DE452D23065}.Debug|Any CPU.Build.0 = Debug|Any CPU
		{3765A292-4230-4D57-AB3B-8DE452D23065}.Release|Any CPU.ActiveCfg = Release|Any CPU
		{3765A292-4230-4D57-AB3B-8DE452D23065}.Release|Any CPU.Build.0 = Release|Any CPU
	EndGlobalSection
	GlobalSection(SolutionProperties) = preSolution
		HideSolutionNode = FALSE
	EndGlobalSection
	GlobalSection(ExtensibilityGlobals) = postSolution
		SolutionGuid = {DEF4A53E-D160-404D-B2D0-593E64B5C29B}
	EndGlobalSection
EndGlobal
